// !$*UTF8*$!
{
	archiveVersion = 1;
	classes = {
	};
	objectVersion = 46;
	objects = {

/* Begin PBXBuildFile section */
		AEA89F4C1BD73557007A5FCA /* main.m in Sources */ = {isa = PBXBuildFile; fileRef = AEA89F4B1BD73557007A5FCA /* main.m */; };
		AEA89F4F1BD73557007A5FCA /* AppDelegate.m in Sources */ = {isa = PBXBuildFile; fileRef = AEA89F4E1BD73557007A5FCA /* AppDelegate.m */; };
		AEA89F521BD73557007A5FCA /* ViewController.m in Sources */ = {isa = PBXBuildFile; fileRef = AEA89F511BD73557007A5FCA /* ViewController.m */; };
		AEA89F551BD73557007A5FCA /* Main.storyboard in Resources */ = {isa = PBXBuildFile; fileRef = AEA89F531BD73557007A5FCA /* Main.storyboard */; };
		AEA89F571BD73557007A5FCA /* Assets.xcassets in Resources */ = {isa = PBXBuildFile; fileRef = AEA89F561BD73557007A5FCA /* Assets.xcassets */; };
		AEA89F5A1BD73557007A5FCA /* LaunchScreen.storyboard in Resources */ = {isa = PBXBuildFile; fileRef = AEA89F581BD73557007A5FCA /* LaunchScreen.storyboard */; };
		AEA89F641BD735B4007A5FCA /* ZWZCardCollectionViewLayout.m in Sources */ = {isa = PBXBuildFile; fileRef = AEA89F631BD735B4007A5FCA /* ZWZCardCollectionViewLayout.m */; settings = {ASSET_TAGS = (); }; };
		AEA89F671BD74102007A5FCA /* CollectionViewController.m in Sources */ = {isa = PBXBuildFile; fileRef = AEA89F661BD74102007A5FCA /* CollectionViewController.m */; settings = {ASSET_TAGS = (); }; };
		AEA89F6A1BD74125007A5FCA /* PhotoCell.m in Sources */ = {isa = PBXBuildFile; fileRef = AEA89F691BD74125007A5FCA /* PhotoCell.m */; settings = {ASSET_TAGS = (); }; };
/* End PBXBuildFile section */

/* Begin PBXFileReference section */
		AEA89F471BD73557007A5FCA /* ZWZCardCollectionViewLayoutDemo.app */ = {isa = PBXFileReference; explicitFileType = wrapper.application; includeInIndex = 0; path = ZWZCardCollectionViewLayoutDemo.app; sourceTree = BUILT_PRODUCTS_DIR; };
		AEA89F4B1BD73557007A5FCA /* main.m */ = {isa = PBXFileReference; lastKnownFileType = sourcecode.c.objc; path = main.m; sourceTree = "<group>"; };
		AEA89F4D1BD73557007A5FCA /* AppDelegate.h */ = {isa = PBXFileReference; lastKnownFileType = sourcecode.c.h; path = AppDelegate.h; sourceTree = "<group>"; };
		AEA89F4E1BD73557007A5FCA /* AppDelegate.m */ = {isa = PBXFileReference; lastKnownFileType = sourcecode.c.objc; path = AppDelegate.m; sourceTree = "<group>"; };
		AEA89F501BD73557007A5FCA /* ViewController.h */ = {isa = PBXFileReference; lastKnownFileType = sourcecode.c.h; path = ViewController.h; sourceTree = "<group>"; };
		AEA89F511BD73557007A5FCA /* ViewController.m */ = {isa = PBXFileReference; lastKnownFileType = sourcecode.c.objc; path = ViewController.m; sourceTree = "<group>"; };
		AEA89F541BD73557007A5FCA /* Base */ = {isa = PBXFileReference; lastKnownFileType = file.storyboard; name = Base; path = Base.lproj/Main.storyboard; sourceTree = "<group>"; };
		AEA89F561BD73557007A5FCA /* Assets.xcassets */ = {isa = PBXFileReference; lastKnownFileType = folder.assetcatalog; path = Assets.xcassets; sourceTree = "<group>"; };
		AEA89F591BD73557007A5FCA /* Base */ = {isa = PBXFileReference; lastKnownFileType = file.storyboard; name = Base; path = Base.lproj/LaunchScreen.storyboard; sourceTree = "<group>"; };
		AEA89F5B1BD73557007A5FCA /* Info.plist */ = {isa = PBXFileReference; lastKnownFileType = text.plist.xml; path = Info.plist; sourceTree = "<group>"; };
		AEA89F621BD735B4007A5FCA /* ZWZCardCollectionViewLayout.h */ = {isa = PBXFileReference; fileEncoding = 4; lastKnownFileType = sourcecode.c.h; path = ZWZCardCollectionViewLayout.h; sourceTree = "<group>"; };
		AEA89F631BD735B4007A5FCA /* ZWZCardCollectionViewLayout.m */ = {isa = PBXFileReference; fileEncoding = 4; lastKnownFileType = sourcecode.c.objc; path = ZWZCardCollectionViewLayout.m; sourceTree = "<group>"; };
		AEA89F651BD74102007A5FCA /* CollectionViewController.h */ = {isa = PBXFileReference; fileEncoding = 4; lastKnownFileType = sourcecode.c.h; path = CollectionViewController.h; sourceTree = "<group>"; };
		AEA89F661BD74102007A5FCA /* CollectionViewController.m */ = {isa = PBXFileReference; fileEncoding = 4; lastKnownFileType = sourcecode.c.objc; path = CollectionViewController.m; sourceTree = "<group>"; };
		AEA89F681BD74125007A5FCA /* PhotoCell.h */ = {isa = PBXFileReference; fileEncoding = 4; lastKnownFileType = sourcecode.c.h; path = PhotoCell.h; sourceTree = "<group>"; };
		AEA89F691BD74125007A5FCA /* PhotoCell.m */ = {isa = PBXFileReference; fileEncoding = 4; lastKnownFileType = sourcecode.c.objc; path = PhotoCell.m; sourceTree = "<group>"; };
/* End PBXFileReference section */

/* Begin PBXFrameworksBuildPhase section */
		AEA89F441BD73557007A5FCA /* Frameworks */ = {
			isa = PBXFrameworksBuildPhase;
			buildActionMask = 2147483647;
			files = (
			);
			runOnlyForDeploymentPostprocessing = 0;
		};
/* End PBXFrameworksBuildPhase section */

/* Begin PBXGroup section */
		AEA89F3E1BD73557007A5FCA = {
			isa = PBXGroup;
			children = (
				AEA89F611BD73566007A5FCA /* ZWZCardCollectionViewLayout */,
				AEA89F491BD73557007A5FCA /* ZWZCardCollectionViewLayoutDemo */,
				AEA89F481BD73557007A5FCA /* Products */,
			);
			sourceTree = "<group>";
		};
		AEA89F481BD73557007A5FCA /* Products */ = {
			isa = PBXGroup;
			children = (
				AEA89F471BD73557007A5FCA /* ZWZCardCollectionViewLayoutDemo.app */,
			);
			name = Products;
			sourceTree = "<group>";
		};
		AEA89F491BD73557007A5FCA /* ZWZCardCollectionViewLayoutDemo */ = {
			isa = PBXGroup;
			children = (
				AEA89F4D1BD73557007A5FCA /* AppDelegate.h */,
				AEA89F4E1BD73557007A5FCA /* AppDelegate.m */,
				AEA89F501BD73557007A5FCA /* ViewController.h */,
				AEA89F511BD73557007A5FCA /* ViewController.m */,
				AEA89F651BD74102007A5FCA /* CollectionViewController.h */,
				AEA89F661BD74102007A5FCA /* CollectionViewController.m */,
				AEA89F681BD74125007A5FCA /* PhotoCell.h */,
				AEA89F691BD74125007A5FCA /* PhotoCell.m */,
				AEA89F531BD73557007A5FCA /* Main.storyboard */,
				AEA89F561BD73557007A5FCA /* Assets.xcassets */,
				AEA89F581BD73557007A5FCA /* LaunchScreen.storyboard */,
				AEA89F5B1BD73557007A5FCA /* Info.plist */,
				AEA89F4A1BD73557007A5FCA /* Supporting Files */,
			);
			path = ZWZCardCollectionViewLayoutDemo;
			sourceTree = "<group>";
		};
		AEA89F4A1BD73557007A5FCA /* Supporting Files */ = {
			isa = PBXGroup;
			children = (
				AEA89F4B1BD73557007A5FCA /* main.m */,
			);
			name = "Supporting Files";
			sourceTree = "<group>";
		};
		AEA89F611BD73566007A5FCA /* ZWZCardCollectionViewLayout */ = {
			isa = PBXGroup;
			children = (
				AEA89F621BD735B4007A5FCA /* ZWZCardCollectionViewLayout.h */,
				AEA89F631BD735B4007A5FCA /* ZWZCardCollectionViewLayout.m */,
			);
			name = ZWZCardCollectionViewLayout;
			sourceTree = "<group>";
		};
/* End PBXGroup section */

/* Begin PBXNativeTarget section */
		AEA89F461BD73557007A5FCA /* ZWZCardCollectionViewLayoutDemo */ = {
			isa = PBXNativeTarget;
			buildConfigurationList = AEA89F5E1BD73557007A5FCA /* Build configuration list for PBXNativeTarget "ZWZCardCollectionViewLayoutDemo" */;
			buildPhases = (
				AEA89F431BD73557007A5FCA /* Sources */,
				AEA89F441BD73557007A5FCA /* Frameworks */,
				AEA89F451BD73557007A5FCA /* Resources */,
			);
			buildRules = (
			);
			dependencies = (
			);
			name = ZWZCardCollectionViewLayoutDemo;
			productName = ZWZCardCollectionViewLayoutDemo;
			productReference = AEA89F471BD73557007A5FCA /* ZWZCardCollectionViewLayoutDemo.app */;
			productType = "com.apple.product-type.application";
		};
/* End PBXNativeTarget section */

/* Begin PBXProject section */
		AEA89F3F1BD73557007A5FCA /* Project object */ = {
			isa = PBXProject;
			attributes = {
				LastUpgradeCheck = 0700;
				ORGANIZATIONNAME = ZWZ;
				TargetAttributes = {
					AEA89F461BD73557007A5FCA = {
						CreatedOnToolsVersion = 7.0.1;
					};
				};
			};
			buildConfigurationList = AEA89F421BD73557007A5FCA /* Build configuration list for PBXProject "ZWZCardCollectionViewLayoutDemo" */;
			compatibilityVersion = "Xcode 3.2";
			developmentRegion = English;
			hasScannedForEncodings = 0;
			knownRegions = (
				en,
				Base,
			);
			mainGroup = AEA89F3E1BD73557007A5FCA;
			productRefGroup = AEA89F481BD73557007A5FCA /* Products */;
			projectDirPath = "";
			projectRoot = "";
			targets = (
				AEA89F461BD73557007A5FCA /* ZWZCardCollectionViewLayoutDemo */,
			);
		};
/* End PBXProject section */

/* Begin PBXResourcesBuildPhase section */
		AEA89F451BD73557007A5FCA /* Resources */ = {
			isa = PBXResourcesBuildPhase;
			buildActionMask = 2147483647;
			files = (
				AEA89F5A1BD73557007A5FCA /* LaunchScreen.storyboard in Resources */,
				AEA89F571BD73557007A5FCA /* Assets.xcassets in Resources */,
				AEA89F551BD73557007A5FCA /* Main.storyboard in Resources */,
			);
			runOnlyForDeploymentPostprocessing = 0;
		};
/* End PBXResourcesBuildPhase section */

/* Begin PBXSourcesBuildPhase section */
		AEA89F431BD73557007A5FCA /* Sources */ = {
			isa = PBXSourcesBuildPhase;
			buildActionMask = 2147483647;
			files = (
				AEA89F6A1BD74125007A5FCA /* PhotoCell.m in Sources */,
				AEA89F521BD73557007A5FCA /* ViewController.m in Sources */,
				AEA89F4F1BD73557007A5FCA /* AppDelegate.m in Sources */,
				AEA89F641BD735B4007A5FCA /* ZWZCardCollectionViewLayout.m in Sources */,
				AEA89F671BD74102007A5FCA /* CollectionViewController.m in Sources */,
				AEA89F4C1BD73557007A5FCA /* main.m in Sources */,
			);
			runOnlyForDeploymentPostprocessing = 0;
		};
/* End PBXSourcesBuildPhase section */

/* Begin PBXVariantGroup section */
		AEA89F531BD73557007A5FCA /* Main.storyboard */ = {
			isa = PBXVariantGroup;
			children = (
				AEA89F541BD73557007A5FCA /* Base */,
			);
			name = Main.storyboard;
			sourceTree = "<group>";
		};
		AEA89F581BD73557007A5FCA /* LaunchScreen.storyboard */ = {
			isa = PBXVariantGroup;
			children = (
				AEA89F591BD73557007A5FCA /* Base */,
			);
			name = LaunchScreen.storyboard;
			sourceTree = "<group>";
		};
/* End PBXVariantGroup section */

/* Begin XCBuildConfiguration section */
		AEA89F5C1BD73557007A5FCA /* Debug */ = {
			isa = XCBuildConfiguration;
			buildSettings = {
				ALWAYS_SEARCH_USER_PATHS = NO;
				CLANG_CXX_LANGUAGE_STANDARD = "gnu++0x";
				CLANG_CXX_LIBRARY = "libc++";
				CLANG_ENABLE_MODULES = YES;
				CLANG_ENABLE_OBJC_ARC = YES;
				CLANG_WARN_BOOL_CONVERSION = YES;
				CLANG_WARN_CONSTANT_CONVERSION = YES;
				CLANG_WARN_DIRECT_OBJC_ISA_USAGE = YES_ERROR;
				CLANG_WARN_EMPTY_BODY = YES;
				CLANG_WARN_ENUM_CONVERSION = YES;
				CLANG_WARN_INT_CONVERSION = YES;
				CLANG_WARN_OBJC_ROOT_CLASS = YES_ERROR;
				CLANG_WARN_UNREACHABLE_CODE = YES;
				CLANG_WARN__DUPLICATE_METHOD_MATCH = YES;
				"CODE_SIGN_IDENTITY[sdk=iphoneos*]" = "iPhone Developer";
				COPY_PHASE_STRIP = NO;
				DEBUG_INFORMATION_FORMAT = dwarf;
				ENABLE_STRICT_OBJC_MSGSEND = YES;
				ENABLE_TESTABILITY = YES;
				GCC_C_LANGUAGE_STANDARD = gnu99;
				GCC_DYNAMIC_NO_PIC = NO;
				GCC_NO_COMMON_BLOCKS = YES;
				GCC_OPTIMIZATION_LEVEL = 0;
				GCC_PREPROCESSOR_DEFINITIONS = (
					"DEBUG=1",
					"$(inherited)",
				);
				GCC_WARN_64_TO_32_BIT_CONVERSION = YES;
				GCC_WARN_ABOUT_RETURN_TYPE = YES_ERROR;
				GCC_WARN_UNDECLARED_SELECTOR = YES;
				GCC_WARN_UNINITIALIZED_AUTOS = YES_AGGRESSIVE;
				GCC_WARN_UNUSED_FUNCTION = YES;
				GCC_WARN_UNUSED_VARIABLE = YES;
				IPHONEOS_DEPLOYMENT_TARGET = 9.0;
				MTL_ENABLE_DEBUG_INFO = YES;
				ONLY_ACTIVE_ARCH = YES;
				SDKROOT = iphoneos;
				TARGETED_DEVICE_FAMILY = "1,2";
			};
			name = Debug;
		};
		AEA89F5D1BD73557007A5FCA /* Release */ = {
			isa = XCBuildConfiguration;
			buildSettings = {
				ALWAYS_SEARCH_USER_PATHS = NO;
				CLANG_CXX_LANGUAGE_STANDARD = "gnu++0x";
				CLANG_CXX_LIBRARY = "libc++";
				CLANG_ENABLE_MODULES = YES;
				CLANG_ENABLE_OBJC_ARC = YES;
				CLANG_WARN_BOOL_CONVERSION = YES;
				CLANG_WARN_CONSTANT_CONVERSION = YES;
				CLANG_WARN_DIRECT_OBJC_ISA_USAGE = YES_ERROR;
				CLANG_WARN_EMPTY_BODY = YES;
				CLANG_WARN_ENUM_CONVERSION = YES;
				CLANG_WARN_INT_CONVERSION = YES;
				CLANG_WARN_OBJC_ROOT_CLASS = YES_ERROR;
				CLANG_WARN_UNREACHABLE_CODE = YES;
				CLANG_WARN__DUPLICATE_METHOD_MATCH = YES;
				"CODE_SIGN_IDENTITY[sdk=iphoneos*]" = "iPhone Developer";
				COPY_PHASE_STRIP = NO;
				DEBUG_INFORMATION_FORMAT = "dwarf-with-dsym";
				ENABLE_NS_ASSERTIONS = NO;
				ENABLE_STRICT_OBJC_MSGSEND = YES;
				GCC_C_LANGUAGE_STANDARD = gnu99;
				GCC_NO_COMMON_BLOCKS = YES;
				GCC_WARN_64_TO_32_BIT_CONVERSION = YES;
				GCC_WARN_ABOUT_RETURN_TYPE = YES_ERROR;
				GCC_WARN_UNDECLARED_SELECTOR = YES;
				GCC_WARN_UNINITIALIZED_AUTOS = YES_AGGRESSIVE;
				GCC_WARN_UNUSED_FUNCTION = YES;
				GCC_WARN_UNUSED_VARIABLE = YES;
				IPHONEOS_DEPLOYMENT_TARGET = 9.0;
				MTL_ENABLE_DEBUG_INFO = NO;
				SDKROOT = iphoneos;
				TARGETED_DEVICE_FAMILY = "1,2";
				VALIDATE_PRODUCT = YES;
			};
			name = Release;
		};
		AEA89F5F1BD73557007A5FCA /* Debug */ = {
			isa = XCBuildConfiguration;
			buildSettings = {
				ASSETCATALOG_COMPILER_APPICON_NAME = AppIcon;
				INFOPLIST_FILE = ZWZCardCollectionViewLayoutDemo/Info.plist;
				LD_RUNPATH_SEARCH_PATHS = "$(inherited) @executable_path/Frameworks";
				PRODUCT_BUNDLE_IDENTIFIER = com.ZWZ.ZWZCardCollectionViewLayoutDemo;
				PRODUCT_NAME = "$(TARGET_NAME)";
			};
			name = Debug;
		};
		AEA89F601BD73557007A5FCA /* Release */ = {
			isa = XCBuildConfiguration;
			buildSettings = {
				ASSETCATALOG_COMPILER_APPICON_NAME = AppIcon;
				INFOPLIST_FILE = ZWZCardCollectionViewLayoutDemo/Info.plist;
				LD_RUNPATH_SEARCH_PATHS = "$(inherited) @executable_path/Frameworks";
				PRODUCT_BUNDLE_IDENTIFIER = com.ZWZ.ZWZCardCollectionViewLayoutDemo;
				PRODUCT_NAME = "$(TARGET_NAME)";
			};
			name = Release;
		};
/* End XCBuildConfiguration section */

/* Begin XCConfigurationList section */
		AEA89F421BD73557007A5FCA /* Build configuration list for PBXProject "ZWZCardCollectionViewLayoutDemo" */ = {
			isa = XCConfigurationList;
			buildConfigurations = (
				AEA89F5C1BD73557007A5FCA /* Debug */,
				AEA89F5D1BD73557007A5FCA /* Release */,
			);
			defaultConfigurationIsVisible = 0;
			defaultConfigurationName = Release;
		};
		AEA89F5E1BD73557007A5FCA /* Build configuration list for PBXNativeTarget "ZWZCardCollectionViewLayoutDemo" */ = {
			isa = XCConfigurationList;
			buildConfigurations = (
				AEA89F5F1BD73557007A5FCA /* Debug */,
				AEA89F601BD73557007A5FCA /* Release */,
			);
			defaultConfigurationIsVisible = 0;
		};
/* End XCConfigurationList section */
	};
	rootObject = AEA89F3F1BD73557007A5FCA /* Project object */;
}
